
Microsoft Visual Studio Solution File, Format Version 11.00
# Visual Studio 2010
Project("{8BC9CEB8-8B4A-11D0-8D11-00A0C91BC942}") = "LefinGame3D", "LefinGame3D.vcxproj", "{DE2EB82E-415F-4118-BFE6-DA089D95D837}"
EndProject
Global
	GlobalSection(SolutionConfigurationPlatforms) = preSolution
		Debug|Win32 = Debug|Win32
		Release|Win32 = Release|Win32
	EndGlobalSection
	GlobalSection(ProjectConfigurationPlatforms) = postSolution
		{DE2EB82E-415F-4118-BFE6-DA089D95D837}.Debug|Win32.ActiveCfg = Debug|Win32
		{DE2EB82E-415F-4118-BFE6-DA089D95D837}.Debug|Win32.Build.0 = Debug|Win32
		{DE2EB82E-415F-4118-BFE6-DA089D95D837}.Release|Win32.ActiveCfg = Release|Win32
		{DE2EB82E-415F-4118-BFE6-DA089D95D837}.Release|Win32.Build.0 = Release|Win32
	EndGlobalSection
	GlobalSection(SolutionProperties) = preSolution
		HideSolutionNode = FALSE
	EndGlobalSection
EndGlobal
